
Microsoft Visual Studio Solution File, Format Version 12.00
# Visual Studio Version 17
VisualStudioVersion = 17.0.31903.59
MinimumVisualStudioVersion = 10.0.40219.1
Project("{2150E333-8FDC-42A3-9474-1A3956D46DE8}") = "Zoo", "Zoo", "{B694C670-EAE0-4D30-AAF1-CDCE1B0B4CF7}"
EndProject
Project("{FAE04EC0-301F-11D3-BF4B-00C04F79EFBC}") = "Zoo.Console", "Zoo\Zoo.Console\Zoo.Console.csproj", "{A710E777-4510-4B60-9C74-B4F408171B69}"
EndProject
Project("{FAE04EC0-301F-11D3-BF4B-00C04F79EFBC}") = "Zoo.Lib", "Zoo\Zoo.Lib\Zoo.Lib.csproj", "{209D5A07-D3BC-471B-B887-20EEE6DAD93B}"
EndProject
Project("{2150E333-8FDC-42A3-9474-1A3956D46DE8}") = "Calculator", "Calculator", "{F4B43B4A-92E6-4D70-A06E-1412FD1FEE66}"
EndProject
Project("{FAE04EC0-301F-11D3-BF4B-00C04F79EFBC}") = "Calculator.Console", "Calculator\Calculator.Console\Calculator.Console.csproj", "{7F8AA578-0181-4886-A073-CF5F4214F528}"
EndProject
Project("{FAE04EC0-301F-11D3-BF4B-00C04F79EFBC}") = "Calculator.Lib", "Calculator\Calculator.Lib\Calculator.Lib.csproj", "{67B2AF1E-5F2F-4CE9-814C-4E3F5A8B5F31}"
EndProject
Global
	GlobalSection(SolutionConfigurationPlatforms) = preSolution
		Debug|Any CPU = Debug|Any CPU
		Release|Any CPU = Release|Any CPU
	EndGlobalSection
	GlobalSection(SolutionProperties) = preSolution
		HideSolutionNode = FALSE
	EndGlobalSection
	GlobalSection(ProjectConfigurationPlatforms) = postSolution
		{A710E777-4510-4B60-9C74-B4F408171B69}.Debug|Any CPU.ActiveCfg = Debug|Any CPU
		{A710E777-4510-4B60-9C74-B4F408171B69}.Debug|Any CPU.Build.0 = Debug|Any CPU
		{A710E777-4510-4B60-9C74-B4F408171B69}.Release|Any CPU.ActiveCfg = Release|Any CPU
		{A710E777-4510-4B60-9C74-B4F408171B69}.Release|Any CPU.Build.0 = Release|Any CPU
		{209D5A07-D3BC-471B-B887-20EEE6DAD93B}.Debug|Any CPU.ActiveCfg = Debug|Any CPU
		{209D5A07-D3BC-471B-B887-20EEE6DAD93B}.Debug|Any CPU.Build.0 = Debug|Any CPU
		{209D5A07-D3BC-471B-B887-20EEE6DAD93B}.Release|Any CPU.ActiveCfg = Release|Any CPU
		{209D5A07-D3BC-471B-B887-20EEE6DAD93B}.Release|Any CPU.Build.0 = Release|Any CPU
		{7F8AA578-0181-4886-A073-CF5F4214F528}.Debug|Any CPU.ActiveCfg = Debug|Any CPU
		{7F8AA578-0181-4886-A073-CF5F4214F528}.Debug|Any CPU.Build.0 = Debug|Any CPU
		{7F8AA578-0181-4886-A073-CF5F4214F528}.Release|Any CPU.ActiveCfg = Release|Any CPU
		{7F8AA578-0181-4886-A073-CF5F4214F528}.Release|Any CPU.Build.0 = Release|Any CPU
		{67B2AF1E-5F2F-4CE9-814C-4E3F5A8B5F31}.Debug|Any CPU.ActiveCfg = Debug|Any CPU
		{67B2AF1E-5F2F-4CE9-814C-4E3F5A8B5F31}.Debug|Any CPU.Build.0 = Debug|Any CPU
		{67B2AF1E-5F2F-4CE9-814C-4E3F5A8B5F31}.Release|Any CPU.ActiveCfg = Release|Any CPU
		{67B2AF1E-5F2F-4CE9-814C-4E3F5A8B5F31}.Release|Any CPU.Build.0 = Release|Any CPU
	EndGlobalSection
	GlobalSection(NestedProjects) = preSolution
		{A710E777-4510-4B60-9C74-B4F408171B69} = {B694C670-EAE0-4D30-AAF1-CDCE1B0B4CF7}
		{209D5A07-D3BC-471B-B887-20EEE6DAD93B} = {B694C670-EAE0-4D30-AAF1-CDCE1B0B4CF7}
		{7F8AA578-0181-4886-A073-CF5F4214F528} = {F4B43B4A-92E6-4D70-A06E-1412FD1FEE66}
		{67B2AF1E-5F2F-4CE9-814C-4E3F5A8B5F31} = {F4B43B4A-92E6-4D70-A06E-1412FD1FEE66}
	EndGlobalSection
EndGlobal
